
Microsoft Visual Studio Solution File, Format Version 12.00
# Visual Studio 14
VisualStudioVersion = 14.0.25420.1
MinimumVisualStudioVersion = 10.0.40219.1
Project("{FAE04EC0-301F-11D3-BF4B-00C04F79EFBC}") = "ListViewDesigner", "ListViewDesigner\ListViewDesigner\ListViewDesigner.csproj", "{11DF1A7E-FE5A-46FE-9BC8-97EAD402F313}"
EndProject
Project("{FAE04EC0-301F-11D3-BF4B-00C04F79EFBC}") = "ListViewDesigner.Droid", "ListViewDesigner\ListViewDesigner.Droid\ListViewDesigner.Droid.csproj", "{0DFCB8FB-E78C-4787-8B1A-A6EC70159400}"
EndProject
Project("{FAE04EC0-301F-11D3-BF4B-00C04F79EFBC}") = "ListViewDesigner.iOS", "ListViewDesigner\ListViewDesigner.iOS\ListViewDesigner.iOS.csproj", "{A12CEF65-F1A0-4D41-95E8-DB5258C3A7EC}"
EndProject
Project("{FAE04EC0-301F-11D3-BF4B-00C04F79EFBC}") = "ListViewDesigner.WinPhone", "ListViewDesigner\ListViewDesigner.WinPhone\ListViewDesigner.WinPhone.csproj", "{E4B16E40-C112-4290-9722-A172B5BCFF37}"
EndProject
Project("{FAE04EC0-301F-11D3-BF4B-00C04F79EFBC}") = "ListViewDesigner.UWP", "ListViewDesigner\ListViewDesigner.UWP\ListViewDesigner.UWP.csproj", "{5348BAD6-9497-4D2D-93B9-250996C2BB07}"
EndProject
Project("{FAE04EC0-301F-11D3-BF4B-00C04F79EFBC}") = "ListViewDesigner.Windows", "ListViewDesigner\ListViewDesigner.Windows\ListViewDesigner.Windows.csproj", "{2E02DF26-1E97-4B4B-BDBC-C8DAA37DEA3E}"
EndProject
Global
	GlobalSection(SolutionConfigurationPlatforms) = preSolution
		Ad-Hoc|Any CPU = Ad-Hoc|Any CPU
		Ad-Hoc|ARM = Ad-Hoc|ARM
		Ad-Hoc|iPhone = Ad-Hoc|iPhone
		Ad-Hoc|iPhoneSimulator = Ad-Hoc|iPhoneSimulator
		Ad-Hoc|x64 = Ad-Hoc|x64
		Ad-Hoc|x86 = Ad-Hoc|x86
		AppStore|Any CPU = AppStore|Any CPU
		AppStore|ARM = AppStore|ARM
		AppStore|iPhone = AppStore|iPhone
		AppStore|iPhoneSimulator = AppStore|iPhoneSimulator
		AppStore|x64 = AppStore|x64
		AppStore|x86 = AppStore|x86
		Debug|Any CPU = Debug|Any CPU
		Debug|ARM = Debug|ARM
		Debug|iPhone = Debug|iPhone
		Debug|iPhoneSimulator = Debug|iPhoneSimulator
		Debug|x64 = Debug|x64
		Debug|x86 = Debug|x86
		Release|Any CPU = Release|Any CPU
		Release|ARM = Release|ARM
		Release|iPhone = Release|iPhone
		Release|iPhoneSimulator = Release|iPhoneSimulator
		Release|x64 = Release|x64
		Release|x86 = Release|x86
	EndGlobalSection
	GlobalSection(ProjectConfigurationPlatforms) = postSolution
		{11DF1A7E-FE5A-46FE-9BC8-97EAD402F313}.Ad-Hoc|Any CPU.ActiveCfg = Release|Any CPU
		{11DF1A7E-FE5A-46FE-9BC8-97EAD402F313}.Ad-Hoc|Any CPU.Build.0 = Release|Any CPU
		{11DF1A7E-FE5A-46FE-9BC8-97EAD402F313}.Ad-Hoc|ARM.ActiveCfg = Release|Any CPU
		{11DF1A7E-FE5A-46FE-9BC8-97EAD402F313}.Ad-Hoc|ARM.Build.0 = Release|Any CPU
		{11DF1A7E-FE5A-46FE-9BC8-97EAD402F313}.Ad-Hoc|iPhone.ActiveCfg = Release|Any CPU
		{11DF1A7E-FE5A-46FE-9BC8-97EAD402F313}.Ad-Hoc|iPhone.Build.0 = Release|Any CPU
		{11DF1A7E-FE5A-46FE-9BC8-97EAD402F313}.Ad-Hoc|iPhoneSimulator.ActiveCfg = Release|Any CPU
		{11DF1A7E-FE5A-46FE-9BC8-97EAD402F313}.Ad-Hoc|iPhoneSimulator.Build.0 = Release|Any CPU
		{11DF1A7E-FE5A-46FE-9BC8-97EAD402F313}.Ad-Hoc|x64.ActiveCfg = Release|Any CPU
		{11DF1A7E-FE5A-46FE-9BC8-97EAD402F313}.Ad-Hoc|x64.Build.0 = Release|Any CPU
		{11DF1A7E-FE5A-46FE-9BC8-97EAD402F313}.Ad-Hoc|x86.ActiveCfg = Release|Any CPU
		{11DF1A7E-FE5A-46FE-9BC8-97EAD402F313}.Ad-Hoc|x86.Build.0 = Release|Any CPU
		{11DF1A7E-FE5A-46FE-9BC8-97EAD402F313}.AppStore|Any CPU.ActiveCfg = Release|Any CPU
		{11DF1A7E-FE5A-46FE-9BC8-97EAD402F313}.AppStore|Any CPU.Build.0 = Release|Any CPU
		{11DF1A7E-FE5A-46FE-9BC8-97EAD402F313}.AppStore|ARM.ActiveCfg = Release|Any CPU
		{11DF1A7E-FE5A-46FE-9BC8-97EAD402F313}.AppStore|ARM.Build.0 = Release|Any CPU
		{11DF1A7E-FE5A-46FE-9BC8-97EAD402F313}.AppStore|iPhone.ActiveCfg = Release|Any CPU
		{11DF1A7E-FE5A-46FE-9BC8-97EAD402F313}.AppStore|iPhone.Build.0 = Release|Any CPU
		{11DF1A7E-FE5A-46FE-9BC8-97EAD402F313}.AppStore|iPhoneSimulator.ActiveCfg = Release|Any CPU
		{11DF1A7E-FE5A-46FE-9BC8-97EAD402F313}.AppStore|iPhoneSimulator.Build.0 = Release|Any CPU
		{11DF1A7E-FE5A-46FE-9BC8-97EAD402F313}.AppStore|x64.ActiveCfg = Release|Any CPU
		{11DF1A7E-FE5A-46FE-9BC8-97EAD402F313}.AppStore|x64.Build.0 = Release|Any CPU
		{11DF1A7E-FE5A-46FE-9BC8-97EAD402F313}.AppStore|x86.ActiveCfg = Release|Any CPU
		{11DF1A7E-FE5A-46FE-9BC8-97EAD402F313}.AppStore|x86.Build.0 = Release|Any CPU
		{11DF1A7E-FE5A-46FE-9BC8-97EAD402F313}.Debug|Any CPU.ActiveCfg = Debug|Any CPU
		{11DF1A7E-FE5A-46FE-9BC8-97EAD402F313}.Debug|Any CPU.Build.0 = Debug|Any CPU
		{11DF1A7E-FE5A-46FE-9BC8-97EAD402F313}.Debug|ARM.ActiveCfg = Debug|Any CPU
		{11DF1A7E-FE5A-46FE-9BC8-97EAD402F313}.Debug|ARM.Build.0 = Debug|Any CPU
		{11DF1A7E-FE5A-46FE-9BC8-97EAD402F313}.Debug|iPhone.ActiveCfg = Debug|Any CPU
		{11DF1A7E-FE5A-46FE-9BC8-97EAD402F313}.Debug|iPhone.Build.0 = Debug|Any CPU
		{11DF1A7E-FE5A-46FE-9BC8-97EAD402F313}.Debug|iPhoneSimulator.ActiveCfg = Debug|Any CPU
		{11DF1A7E-FE5A-46FE-9BC8-97EAD402F313}.Debug|iPhoneSimulator.Build.0 = Debug|Any CPU
		{11DF1A7E-FE5A-46FE-9BC8-97EAD402F313}.Debug|x64.ActiveCfg = Debug|Any CPU
		{11DF1A7E-FE5A-46FE-9BC8-97EAD402F313}.Debug|x64.Build.0 = Debug|Any CPU
		{11DF1A7E-FE5A-46FE-9BC8-97EAD402F313}.Debug|x86.ActiveCfg = Debug|Any CPU
		{11DF1A7E-FE5A-46FE-9BC8-97EAD402F313}.Debug|x86.Build.0 = Debug|Any CPU
		{11DF1A7E-FE5A-46FE-9BC8-97EAD402F313}.Release|Any CPU.ActiveCfg = Release|Any CPU
		{11DF1A7E-FE5A-46FE-9BC8-97EAD402F313}.Release|Any CPU.Build.0 = Release|Any CPU
		{11DF1A7E-FE5A-46FE-9BC8-97EAD402F313}.Release|ARM.ActiveCfg = Release|Any CPU
		{11DF1A7E-FE5A-46FE-9BC8-97EAD402F313}.Release|ARM.Build.0 = Release|Any CPU
		{11DF1A7E-FE5A-46FE-9BC8-97EAD402F313}.Release|iPhone.ActiveCfg = Release|Any CPU
		{11DF1A7E-FE5A-46FE-9BC8-97EAD402F313}.Release|iPhone.Build.0 = Release|Any CPU
		{11DF1A7E-FE5A-46FE-9BC8-97EAD402F313}.Release|iPhoneSimulator.ActiveCfg = Release|Any CPU
		{11DF1A7E-FE5A-46FE-9BC8-97EAD402F313}.Release|iPhoneSimulator.Build.0 = Release|Any CPU
		{11DF1A7E-FE5A-46FE-9BC8-97EAD402F313}.Release|x64.ActiveCfg = Release|Any CPU
		{11DF1A7E-FE5A-46FE-9BC8-97EAD402F313}.Release|x64.Build.0 = Release|Any CPU
		{11DF1A7E-FE5A-46FE-9BC8-97EAD402F313}.Release|x86.ActiveCfg = Release|Any CPU
		{11DF1A7E-FE5A-46FE-9BC8-97EAD402F313}.Release|x86.Build.0 = Release|Any CPU
		{0DFCB8FB-E78C-4787-8B1A-A6EC70159400}.Ad-Hoc|Any CPU.ActiveCfg = Release|Any CPU
		{0DFCB8FB-E78C-4787-8B1A-A6EC70159400}.Ad-Hoc|Any CPU.Build.0 = Release|Any CPU
		{0DFCB8FB-E78C-4787-8B1A-A6EC70159400}.Ad-Hoc|Any CPU.Deploy.0 = Release|Any CPU
		{0DFCB8FB-E78C-4787-8B1A-A6EC70159400}.Ad-Hoc|ARM.ActiveCfg = Release|Any CPU
		{0DFCB8FB-E78C-4787-8B1A-A6EC70159400}.Ad-Hoc|ARM.Build.0 = Release|Any CPU
		{0DFCB8FB-E78C-4787-8B1A-A6EC70159400}.Ad-Hoc|ARM.Deploy.0 = Release|Any CPU
		{0DFCB8FB-E78C-4787-8B1A-A6EC70159400}.Ad-Hoc|iPhone.ActiveCfg = Release|Any CPU
		{0DFCB8FB-E78C-4787-8B1A-A6EC70159400}.Ad-Hoc|iPhone.Build.0 = Release|Any CPU
		{0DFCB8FB-E78C-4787-8B1A-A6EC70159400}.Ad-Hoc|iPhone.Deploy.0 = Release|Any CPU
		{0DFCB8FB-E78C-4787-8B1A-A6EC70159400}.Ad-Hoc|iPhoneSimulator.ActiveCfg = Release|Any CPU
		{0DFCB8FB-E78C-4787-8B1A-A6EC70159400}.Ad-Hoc|iPhoneSimulator.Build.0 = Release|Any CPU
		{0DFCB8FB-E78C-4787-8B1A-A6EC70159400}.Ad-Hoc|iPhoneSimulator.Deploy.0 = Release|Any CPU
		{0DFCB8FB-E78C-4787-8B1A-A6EC70159400}.Ad-Hoc|x64.ActiveCfg = Release|Any CPU
		{0DFCB8FB-E78C-4787-8B1A-A6EC70159400}.Ad-Hoc|x64.Build.0 = Release|Any CPU
		{0DFCB8FB-E78C-4787-8B1A-A6EC70159400}.Ad-Hoc|x64.Deploy.0 = Release|Any CPU
		{0DFCB8FB-E78C-4787-8B1A-A6EC70159400}.Ad-Hoc|x86.ActiveCfg = Release|Any CPU
		{0DFCB8FB-E78C-4787-8B1A-A6EC70159400}.Ad-Hoc|x86.Build.0 = Release|Any CPU
		{0DFCB8FB-E78C-4787-8B1A-A6EC70159400}.Ad-Hoc|x86.Deploy.0 = Release|Any CPU
		{0DFCB8FB-E78C-4787-8B1A-A6EC70159400}.AppStore|Any CPU.ActiveCfg = Release|Any CPU
		{0DFCB8FB-E78C-4787-8B1A-A6EC70159400}.AppStore|Any CPU.Build.0 = Release|Any CPU
		{0DFCB8FB-E78C-4787-8B1A-A6EC70159400}.AppStore|Any CPU.Deploy.0 = Release|Any CPU
		{0DFCB8FB-E78C-4787-8B1A-A6EC70159400}.AppStore|ARM.ActiveCfg = Release|Any CPU
		{0DFCB8FB-E78C-4787-8B1A-A6EC70159400}.AppStore|ARM.Build.0 = Release|Any CPU
		{0DFCB8FB-E78C-4787-8B1A-A6EC70159400}.AppStore|ARM.Deploy.0 = Release|Any CPU
		{0DFCB8FB-E78C-4787-8B1A-A6EC70159400}.AppStore|iPhone.ActiveCfg = Release|Any CPU
		{0DFCB8FB-E78C-4787-8B1A-A6EC70159400}.AppStore|iPhone.Build.0 = Release|Any CPU
		{0DFCB8FB-E78C-4787-8B1A-A6EC70159400}.AppStore|iPhone.Deploy.0 = Release|Any CPU
		{0DFCB8FB-E78C-4787-8B1A-A6EC70159400}.AppStore|iPhoneSimulator.ActiveCfg = Release|Any CPU
		{0DFCB8FB-E78C-4787-8B1A-A6EC70159400}.AppStore|iPhoneSimulator.Build.0 = Release|Any CPU
		{0DFCB8FB-E78C-4787-8B1A-A6EC70159400}.AppStore|iPhoneSimulator.Deploy.0 = Release|Any CPU
		{0DFCB8FB-E78C-4787-8B1A-A6EC70159400}.AppStore|x64.ActiveCfg = Release|Any CPU
		{0DFCB8FB-E78C-4787-8B1A-A6EC70159400}.AppStore|x64.Build.0 = Release|Any CPU
		{0DFCB8FB-E78C-4787-8B1A-A6EC70159400}.AppStore|x64.Deploy.0 = Release|Any CPU
		{0DFCB8FB-E78C-4787-8B1A-A6EC70159400}.AppStore|x86.ActiveCfg = Release|Any CPU
		{0DFCB8FB-E78C-4787-8B1A-A6EC70159400}.AppStore|x86.Build.0 = Release|Any CPU
		{0DFCB8FB-E78C-4787-8B1A-A6EC70159400}.AppStore|x86.Deploy.0 = Release|Any CPU
		{0DFCB8FB-E78C-4787-8B1A-A6EC70159400}.Debug|Any CPU.ActiveCfg = Debug|Any CPU
		{0DFCB8FB-E78C-4787-8B1A-A6EC70159400}.Debug|Any CPU.Build.0 = Debug|Any CPU
		{0DFCB8FB-E78C-4787-8B1A-A6EC70159400}.Debug|Any CPU.Deploy.0 = Debug|Any CPU
		{0DFCB8FB-E78C-4787-8B1A-A6EC70159400}.Debug|ARM.ActiveCfg = Debug|Any CPU
		{0DFCB8FB-E78C-4787-8B1A-A6EC70159400}.Debug|ARM.Build.0 = Debug|Any CPU
		{0DFCB8FB-E78C-4787-8B1A-A6EC70159400}.Debug|ARM.Deploy.0 = Debug|Any CPU
		{0DFCB8FB-E78C-4787-8B1A-A6EC70159400}.Debug|iPhone.ActiveCfg = Debug|Any CPU
		{0DFCB8FB-E78C-4787-8B1A-A6EC70159400}.Debug|iPhone.Build.0 = Debug|Any CPU
		{0DFCB8FB-E78C-4787-8B1A-A6EC70159400}.Debug|iPhone.Deploy.0 = Debug|Any CPU
		{0DFCB8FB-E78C-4787-8B1A-A6EC70159400}.Debug|iPhoneSimulator.ActiveCfg = Debug|Any CPU
		{0DFCB8FB-E78C-4787-8B1A-A6EC70159400}.Debug|iPhoneSimulator.Build.0 = Debug|Any CPU
		{0DFCB8FB-E78C-4787-8B1A-A6EC70159400}.Debug|iPhoneSimulator.Deploy.0 = Debug|Any CPU
		{0DFCB8FB-E78C-4787-8B1A-A6EC70159400}.Debug|x64.ActiveCfg = Debug|Any CPU
		{0DFCB8FB-E78C-4787-8B1A-A6EC70159400}.Debug|x64.Build.0 = Debug|Any CPU
		{0DFCB8FB-E78C-4787-8B1A-A6EC70159400}.Debug|x64.Deploy.0 = Debug|Any CPU
		{0DFCB8FB-E78C-4787-8B1A-A6EC70159400}.Debug|x86.ActiveCfg = Debug|Any CPU
		{0DFCB8FB-E78C-4787-8B1A-A6EC70159400}.Debug|x86.Build.0 = Debug|Any CPU
		{0DFCB8FB-E78C-4787-8B1A-A6EC70159400}.Debug|x86.Deploy.0 = Debug|Any CPU
		{0DFCB8FB-E78C-4787-8B1A-A6EC70159400}.Release|Any CPU.ActiveCfg = Release|Any CPU
		{0DFCB8FB-E78C-4787-8B1A-A6EC70159400}.Release|Any CPU.Build.0 = Release|Any CPU
		{0DFCB8FB-E78C-4787-8B1A-A6EC70159400}.Release|Any CPU.Deploy.0 = Release|Any CPU
		{0DFCB8FB-E78C-4787-8B1A-A6EC70159400}.Release|ARM.ActiveCfg = Release|Any CPU
		{0DFCB8FB-E78C-4787-8B1A-A6EC70159400}.Release|ARM.Build.0 = Release|Any CPU
		{0DFCB8FB-E78C-4787-8B1A-A6EC70159400}.Release|ARM.Deploy.0 = Release|Any CPU
		{0DFCB8FB-E78C-4787-8B1A-A6EC70159400}.Release|iPhone.ActiveCfg = Release|Any CPU
		{0DFCB8FB-E78C-4787-8B1A-A6EC70159400}.Release|iPhone.Build.0 = Release|Any CPU
		{0DFCB8FB-E78C-4787-8B1A-A6EC70159400}.Release|iPhone.Deploy.0 = Release|Any CPU
		{0DFCB8FB-E78C-4787-8B1A-A6EC70159400}.Release|iPhoneSimulator.ActiveCfg = Release|Any CPU
		{0DFCB8FB-E78C-4787-8B1A-A6EC70159400}.Release|iPhoneSimulator.Build.0 = Release|Any CPU
		{0DFCB8FB-E78C-4787-8B1A-A6EC70159400}.Release|iPhoneSimulator.Deploy.0 = Release|Any CPU
		{0DFCB8FB-E78C-4787-8B1A-A6EC70159400}.Release|x64.ActiveCfg = Release|Any CPU
		{0DFCB8FB-E78C-4787-8B1A-A6EC70159400}.Release|x64.Build.0 = Release|Any CPU
		{0DFCB8FB-E78C-4787-8B1A-A6EC70159400}.Release|x64.Deploy.0 = Release|Any CPU
		{0DFCB8FB-E78C-4787-8B1A-A6EC70159400}.Release|x86.ActiveCfg = Release|Any CPU
		{0DFCB8FB-E78C-4787-8B1A-A6EC70159400}.Release|x86.Build.0 = Release|Any CPU
		{0DFCB8FB-E78C-4787-8B1A-A6EC70159400}.Release|x86.Deploy.0 = Release|Any CPU
		{A12CEF65-F1A0-4D41-95E8-DB5258C3A7EC}.Ad-Hoc|Any CPU.ActiveCfg = Ad-Hoc|iPhone
		{A12CEF65-F1A0-4D41-95E8-DB5258C3A7EC}.Ad-Hoc|ARM.ActiveCfg = Ad-Hoc|iPhone
		{A12CEF65-F1A0-4D41-95E8-DB5258C3A7EC}.Ad-Hoc|iPhone.ActiveCfg = Ad-Hoc|iPhone
		{A12CEF65-F1A0-4D41-95E8-DB5258C3A7EC}.Ad-Hoc|iPhone.Build.0 = Ad-Hoc|iPhone
		{A12CEF65-F1A0-4D41-95E8-DB5258C3A7EC}.Ad-Hoc|iPhoneSimulator.ActiveCfg = Ad-Hoc|iPhoneSimulator
		{A12CEF65-F1A0-4D41-95E8-DB5258C3A7EC}.Ad-Hoc|iPhoneSimulator.Build.0 = Ad-Hoc|iPhoneSimulator
		{A12CEF65-F1A0-4D41-95E8-DB5258C3A7EC}.Ad-Hoc|x64.ActiveCfg = Ad-Hoc|iPhone
		{A12CEF65-F1A0-4D41-95E8-DB5258C3A7EC}.Ad-Hoc|x86.ActiveCfg = Ad-Hoc|iPhone
		{A12CEF65-F1A0-4D41-95E8-DB5258C3A7EC}.AppStore|Any CPU.ActiveCfg = AppStore|iPhone
		{A12CEF65-F1A0-4D41-95E8-DB5258C3A7EC}.AppStore|ARM.ActiveCfg = AppStore|iPhone
		{A12CEF65-F1A0-4D41-95E8-DB5258C3A7EC}.AppStore|iPhone.ActiveCfg = AppStore|iPhone
		{A12CEF65-F1A0-4D41-95E8-DB5258C3A7EC}.AppStore|iPhone.Build.0 = AppStore|iPhone
		{A12CEF65-F1A0-4D41-95E8-DB5258C3A7EC}.AppStore|iPhoneSimulator.ActiveCfg = AppStore|iPhoneSimulator
		{A12CEF65-F1A0-4D41-95E8-DB5258C3A7EC}.AppStore|iPhoneSimulator.Build.0 = AppStore|iPhoneSimulator
		{A12CEF65-F1A0-4D41-95E8-DB5258C3A7EC}.AppStore|x64.ActiveCfg = AppStore|iPhone
		{A12CEF65-F1A0-4D41-95E8-DB5258C3A7EC}.AppStore|x86.ActiveCfg = AppStore|iPhone
		{A12CEF65-F1A0-4D41-95E8-DB5258C3A7EC}.Debug|Any CPU.ActiveCfg = Debug|iPhone
		{A12CEF65-F1A0-4D41-95E8-DB5258C3A7EC}.Debug|ARM.ActiveCfg = Debug|iPhone
		{A12CEF65-F1A0-4D41-95E8-DB5258C3A7EC}.Debug|iPhone.ActiveCfg = Debug|iPhone
		{A12CEF65-F1A0-4D41-95E8-DB5258C3A7EC}.Debug|iPhone.Build.0 = Debug|iPhone
		{A12CEF65-F1A0-4D41-95E8-DB5258C3A7EC}.Debug|iPhoneSimulator.ActiveCfg = Debug|iPhoneSimulator
		{A12CEF65-F1A0-4D41-95E8-DB5258C3A7EC}.Debug|iPhoneSimulator.Build.0 = Debug|iPhoneSimulator
		{A12CEF65-F1A0-4D41-95E8-DB5258C3A7EC}.Debug|x64.ActiveCfg = Debug|iPhone
		{A12CEF65-F1A0-4D41-95E8-DB5258C3A7EC}.Debug|x86.ActiveCfg = Debug|iPhone
		{A12CEF65-F1A0-4D41-95E8-DB5258C3A7EC}.Release|Any CPU.ActiveCfg = Release|iPhone
		{A12CEF65-F1A0-4D41-95E8-DB5258C3A7EC}.Release|ARM.ActiveCfg = Release|iPhone
		{A12CEF65-F1A0-4D41-95E8-DB5258C3A7EC}.Release|iPhone.ActiveCfg = Release|iPhone
		{A12CEF65-F1A0-4D41-95E8-DB5258C3A7EC}.Release|iPhone.Build.0 = Release|iPhone
		{A12CEF65-F1A0-4D41-95E8-DB5258C3A7EC}.Release|iPhoneSimulator.ActiveCfg = Release|iPhoneSimulator
		{A12CEF65-F1A0-4D41-95E8-DB5258C3A7EC}.Release|iPhoneSimulator.Build.0 = Release|iPhoneSimulator
		{A12CEF65-F1A0-4D41-95E8-DB5258C3A7EC}.Release|x64.ActiveCfg = Release|iPhone
		{A12CEF65-F1A0-4D41-95E8-DB5258C3A7EC}.Release|x86.ActiveCfg = Release|iPhone
		{E4B16E40-C112-4290-9722-A172B5BCFF37}.Ad-Hoc|Any CPU.ActiveCfg = Release|Any CPU
		{E4B16E40-C112-4290-9722-A172B5BCFF37}.Ad-Hoc|Any CPU.Build.0 = Release|Any CPU
		{E4B16E40-C112-4290-9722-A172B5BCFF37}.Ad-Hoc|Any CPU.Deploy.0 = Release|Any CPU
		{E4B16E40-C112-4290-9722-A172B5BCFF37}.Ad-Hoc|ARM.ActiveCfg = Release|ARM
		{E4B16E40-C112-4290-9722-A172B5BCFF37}.Ad-Hoc|ARM.Build.0 = Release|ARM
		{E4B16E40-C112-4290-9722-A172B5BCFF37}.Ad-Hoc|ARM.Deploy.0 = Release|ARM
		{E4B16E40-C112-4290-9722-A172B5BCFF37}.Ad-Hoc|iPhone.ActiveCfg = Release|Any CPU
		{E4B16E40-C112-4290-9722-A172B5BCFF37}.Ad-Hoc|iPhone.Build.0 = Release|Any CPU
		{E4B16E40-C112-4290-9722-A172B5BCFF37}.Ad-Hoc|iPhone.Deploy.0 = Release|Any CPU
		{E4B16E40-C112-4290-9722-A172B5BCFF37}.Ad-Hoc|iPhoneSimulator.ActiveCfg = Release|Any CPU
		{E4B16E40-C112-4290-9722-A172B5BCFF37}.Ad-Hoc|iPhoneSimulator.Build.0 = Release|Any CPU
		{E4B16E40-C112-4290-9722-A172B5BCFF37}.Ad-Hoc|iPhoneSimulator.Deploy.0 = Release|Any CPU
		{E4B16E40-C112-4290-9722-A172B5BCFF37}.Ad-Hoc|x64.ActiveCfg = Release|Any CPU
		{E4B16E40-C112-4290-9722-A172B5BCFF37}.Ad-Hoc|x64.Build.0 = Release|Any CPU
		{E4B16E40-C112-4290-9722-A172B5BCFF37}.Ad-Hoc|x64.Deploy.0 = Release|Any CPU
		{E4B16E40-C112-4290-9722-A172B5BCFF37}.Ad-Hoc|x86.ActiveCfg = Release|x86
		{E4B16E40-C112-4290-9722-A172B5BCFF37}.Ad-Hoc|x86.Build.0 = Release|x86
		{E4B16E40-C112-4290-9722-A172B5BCFF37}.Ad-Hoc|x86.Deploy.0 = Release|x86
		{E4B16E40-C112-4290-9722-A172B5BCFF37}.AppStore|Any CPU.ActiveCfg = Release|Any CPU
		{E4B16E40-C112-4290-9722-A172B5BCFF37}.AppStore|Any CPU.Build.0 = Release|Any CPU
		{E4B16E40-C112-4290-9722-A172B5BCFF37}.AppStore|Any CPU.Deploy.0 = Release|Any CPU
		{E4B16E40-C112-4290-9722-A172B5BCFF37}.AppStore|ARM.ActiveCfg = Release|ARM
		{E4B16E40-C112-4290-9722-A172B5BCFF37}.AppStore|ARM.Build.0 = Release|ARM
		{E4B16E40-C112-4290-9722-A172B5BCFF37}.AppStore|ARM.Deploy.0 = Release|ARM
		{E4B16E40-C112-4290-9722-A172B5BCFF37}.AppStore|iPhone.ActiveCfg = Release|Any CPU
		{E4B16E40-C112-4290-9722-A172B5BCFF37}.AppStore|iPhone.Build.0 = Release|Any CPU
		{E4B16E40-C112-4290-9722-A172B5BCFF37}.AppStore|iPhone.Deploy.0 = Release|Any CPU
		{E4B16E40-C112-4290-9722-A172B5BCFF37}.AppStore|iPhoneSimulator.ActiveCfg = Release|Any CPU
		{E4B16E40-C112-4290-9722-A172B5BCFF37}.AppStore|iPhoneSimulator.Build.0 = Release|Any CPU
		{E4B16E40-C112-4290-9722-A172B5BCFF37}.AppStore|iPhoneSimulator.Deploy.0 = Release|Any CPU
		{E4B16E40-C112-4290-9722-A172B5BCFF37}.AppStore|x64.ActiveCfg = Release|Any CPU
		{E4B16E40-C112-4290-9722-A172B5BCFF37}.AppStore|x64.Build.0 = Release|Any CPU
		{E4B16E40-C112-4290-9722-A172B5BCFF37}.AppStore|x64.Deploy.0 = Release|Any CPU
		{E4B16E40-C112-4290-9722-A172B5BCFF37}.AppStore|x86.ActiveCfg = Release|x86
		{E4B16E40-C112-4290-9722-A172B5BCFF37}.AppStore|x86.Build.0 = Release|x86
		{E4B16E40-C112-4290-9722-A172B5BCFF37}.AppStore|x86.Deploy.0 = Release|x86
		{E4B16E40-C112-4290-9722-A172B5BCFF37}.Debug|Any CPU.ActiveCfg = Debug|Any CPU
		{E4B16E40-C112-4290-9722-A172B5BCFF37}.Debug|Any CPU.Build.0 = Debug|Any CPU
		{E4B16E40-C112-4290-9722-A172B5BCFF37}.Debug|Any CPU.Deploy.0 = Debug|Any CPU
		{E4B16E40-C112-4290-9722-A172B5BCFF37}.Debug|ARM.ActiveCfg = Debug|ARM
		{E4B16E40-C112-4290-9722-A172B5BCFF37}.Debug|ARM.Build.0 = Debug|ARM
		{E4B16E40-C112-4290-9722-A172B5BCFF37}.Debug|ARM.Deploy.0 = Debug|ARM
		{E4B16E40-C112-4290-9722-A172B5BCFF37}.Debug|iPhone.ActiveCfg = Debug|Any CPU
		{E4B16E40-C112-4290-9722-A172B5BCFF37}.Debug|iPhone.Build.0 = Debug|Any CPU
		{E4B16E40-C112-4290-9722-A172B5BCFF37}.Debug|iPhone.Deploy.0 = Debug|Any CPU
		{E4B16E40-C112-4290-9722-A172B5BCFF37}.Debug|iPhoneSimulator.ActiveCfg = Debug|Any CPU
		{E4B16E40-C112-4290-9722-A172B5BCFF37}.Debug|iPhoneSimulator.Build.0 = Debug|Any CPU
		{E4B16E40-C112-4290-9722-A172B5BCFF37}.Debug|iPhoneSimulator.Deploy.0 = Debug|Any CPU
		{E4B16E40-C112-4290-9722-A172B5BCFF37}.Debug|x64.ActiveCfg = Debug|Any CPU
		{E4B16E40-C112-4290-9722-A172B5BCFF37}.Debug|x64.Build.0 = Debug|Any CPU
		{E4B16E40-C112-4290-9722-A172B5BCFF37}.Debug|x64.Deploy.0 = Debug|Any CPU
		{E4B16E40-C112-4290-9722-A172B5BCFF37}.Debug|x86.ActiveCfg = Debug|x86
		{E4B16E40-C112-4290-9722-A172B5BCFF37}.Debug|x86.Build.0 = Debug|x86
		{E4B16E40-C112-4290-9722-A172B5BCFF37}.Debug|x86.Deploy.0 = Debug|x86
		{E4B16E40-C112-4290-9722-A172B5BCFF37}.Release|Any CPU.ActiveCfg = Release|Any CPU
		{E4B16E40-C112-4290-9722-A172B5BCFF37}.Release|Any CPU.Build.0 = Release|Any CPU
		{E4B16E40-C112-4290-9722-A172B5BCFF37}.Release|Any CPU.Deploy.0 = Release|Any CPU
		{E4B16E40-C112-4290-9722-A172B5BCFF37}.Release|ARM.ActiveCfg = Release|ARM
		{E4B16E40-C112-4290-9722-A172B5BCFF37}.Release|ARM.Build.0 = Release|ARM
		{E4B16E40-C112-4290-9722-A172B5BCFF37}.Release|ARM.Deploy.0 = Release|ARM
		{E4B16E40-C112-4290-9722-A172B5BCFF37}.Release|iPhone.ActiveCfg = Release|Any CPU
		{E4B16E40-C112-4290-9722-A172B5BCFF37}.Release|iPhone.Build.0 = Release|Any CPU
		{E4B16E40-C112-4290-9722-A172B5BCFF37}.Release|iPhone.Deploy.0 = Release|Any CPU
		{E4B16E40-C112-4290-9722-A172B5BCFF37}.Release|iPhoneSimulator.ActiveCfg = Release|Any CPU
		{E4B16E40-C112-4290-9722-A172B5BCFF37}.Release|iPhoneSimulator.Build.0 = Release|Any CPU
		{E4B16E40-C112-4290-9722-A172B5BCFF37}.Release|iPhoneSimulator.Deploy.0 = Release|Any CPU
		{E4B16E40-C112-4290-9722-A172B5BCFF37}.Release|x64.ActiveCfg = Release|Any CPU
		{E4B16E40-C112-4290-9722-A172B5BCFF37}.Release|x64.Build.0 = Release|Any CPU
		{E4B16E40-C112-4290-9722-A172B5BCFF37}.Release|x64.Deploy.0 = Release|Any CPU
		{E4B16E40-C112-4290-9722-A172B5BCFF37}.Release|x86.ActiveCfg = Release|x86
		{E4B16E40-C112-4290-9722-A172B5BCFF37}.Release|x86.Build.0 = Release|x86
		{E4B16E40-C112-4290-9722-A172B5BCFF37}.Release|x86.Deploy.0 = Release|x86
		{5348BAD6-9497-4D2D-93B9-250996C2BB07}.Ad-Hoc|Any CPU.ActiveCfg = Release|x86
		{5348BAD6-9497-4D2D-93B9-250996C2BB07}.Ad-Hoc|Any CPU.Build.0 = Release|x86
		{5348BAD6-9497-4D2D-93B9-250996C2BB07}.Ad-Hoc|Any CPU.Deploy.0 = Release|x86
		{5348BAD6-9497-4D2D-93B9-250996C2BB07}.Ad-Hoc|ARM.ActiveCfg = Release|ARM
		{5348BAD6-9497-4D2D-93B9-250996C2BB07}.Ad-Hoc|ARM.Build.0 = Release|ARM
		{5348BAD6-9497-4D2D-93B9-250996C2BB07}.Ad-Hoc|ARM.Deploy.0 = Release|ARM
		{5348BAD6-9497-4D2D-93B9-250996C2BB07}.Ad-Hoc|iPhone.ActiveCfg = Release|x86
		{5348BAD6-9497-4D2D-93B9-250996C2BB07}.Ad-Hoc|iPhone.Build.0 = Release|x86
		{5348BAD6-9497-4D2D-93B9-250996C2BB07}.Ad-Hoc|iPhone.Deploy.0 = Release|x86
		{5348BAD6-9497-4D2D-93B9-250996C2BB07}.Ad-Hoc|iPhoneSimulator.ActiveCfg = Release|x86
		{5348BAD6-9497-4D2D-93B9-250996C2BB07}.Ad-Hoc|iPhoneSimulator.Build.0 = Release|x86
		{5348BAD6-9497-4D2D-93B9-250996C2BB07}.Ad-Hoc|iPhoneSimulator.Deploy.0 = Release|x86
		{5348BAD6-9497-4D2D-93B9-250996C2BB07}.Ad-Hoc|x64.ActiveCfg = Release|x64
		{5348BAD6-9497-4D2D-93B9-250996C2BB07}.Ad-Hoc|x64.Build.0 = Release|x64
		{5348BAD6-9497-4D2D-93B9-250996C2BB07}.Ad-Hoc|x64.Deploy.0 = Release|x64
		{5348BAD6-9497-4D2D-93B9-250996C2BB07}.Ad-Hoc|x86.ActiveCfg = Release|x86
		{5348BAD6-9497-4D2D-93B9-250996C2BB07}.Ad-Hoc|x86.Build.0 = Release|x86
		{5348BAD6-9497-4D2D-93B9-250996C2BB07}.Ad-Hoc|x86.Deploy.0 = Release|x86
		{5348BAD6-9497-4D2D-93B9-250996C2BB07}.AppStore|Any CPU.ActiveCfg = Release|x86
		{5348BAD6-9497-4D2D-93B9-250996C2BB07}.AppStore|Any CPU.Build.0 = Release|x86
		{5348BAD6-9497-4D2D-93B9-250996C2BB07}.AppStore|Any CPU.Deploy.0 = Release|x86
		{5348BAD6-9497-4D2D-93B9-250996C2BB07}.AppStore|ARM.ActiveCfg = Release|ARM
		{5348BAD6-9497-4D2D-93B9-250996C2BB07}.AppStore|ARM.Build.0 = Release|ARM
		{5348BAD6-9497-4D2D-93B9-250996C2BB07}.AppStore|ARM.Deploy.0 = Release|ARM
		{5348BAD6-9497-4D2D-93B9-250996C2BB07}.AppStore|iPhone.ActiveCfg = Release|x86
		{5348BAD6-9497-4D2D-93B9-250996C2BB07}.AppStore|iPhone.Build.0 = Release|x86
		{5348BAD6-9497-4D2D-93B9-250996C2BB07}.AppStore|iPhone.Deploy.0 = Release|x86
		{5348BAD6-9497-4D2D-93B9-250996C2BB07}.AppStore|iPhoneSimulator.ActiveCfg = Release|x86
		{5348BAD6-9497-4D2D-93B9-250996C2BB07}.AppStore|iPhoneSimulator.Build.0 = Release|x86
		{5348BAD6-9497-4D2D-93B9-250996C2BB07}.AppStore|iPhoneSimulator.Deploy.0 = Release|x86
		{5348BAD6-9497-4D2D-93B9-250996C2BB07}.AppStore|x64.ActiveCfg = Release|x64
		{5348BAD6-9497-4D2D-93B9-250996C2BB07}.AppStore|x64.Build.0 = Release|x64
		{5348BAD6-9497-4D2D-93B9-250996C2BB07}.AppStore|x64.Deploy.0 = Release|x64
		{5348BAD6-9497-4D2D-93B9-250996C2BB07}.AppStore|x86.ActiveCfg = Release|x86
		{5348BAD6-9497-4D2D-93B9-250996C2BB07}.AppStore|x86.Build.0 = Release|x86
		{5348BAD6-9497-4D2D-93B9-250996C2BB07}.AppStore|x86.Deploy.0 = Release|x86
		{5348BAD6-9497-4D2D-93B9-250996C2BB07}.Debug|Any CPU.ActiveCfg = Debug|x86
		{5348BAD6-9497-4D2D-93B9-250996C2BB07}.Debug|ARM.ActiveCfg = Debug|ARM
		{5348BAD6-9497-4D2D-93B9-250996C2BB07}.Debug|ARM.Build.0 = Debug|ARM
		{5348BAD6-9497-4D2D-93B9-250996C2BB07}.Debug|ARM.Deploy.0 = Debug|ARM
		{5348BAD6-9497-4D2D-93B9-250996C2BB07}.Debug|iPhone.ActiveCfg = Debug|x86
		{5348BAD6-9497-4D2D-93B9-250996C2BB07}.Debug|iPhoneSimulator.ActiveCfg = Debug|x86
		{5348BAD6-9497-4D2D-93B9-250996C2BB07}.Debug|x64.ActiveCfg = Debug|x64
		{5348BAD6-9497-4D2D-93B9-250996C2BB07}.Debug|x64.Build.0 = Debug|x64
		{5348BAD6-9497-4D2D-93B9-250996C2BB07}.Debug|x64.Deploy.0 = Debug|x64
		{5348BAD6-9497-4D2D-93B9-250996C2BB07}.Debug|x86.ActiveCfg = Debug|x86
		{5348BAD6-9497-4D2D-93B9-250996C2BB07}.Debug|x86.Build.0 = Debug|x86
		{5348BAD6-9497-4D2D-93B9-250996C2BB07}.Debug|x86.Deploy.0 = Debug|x86
		{5348BAD6-9497-4D2D-93B9-250996C2BB07}.Release|Any CPU.ActiveCfg = Release|x86
		{5348BAD6-9497-4D2D-93B9-250996C2BB07}.Release|ARM.ActiveCfg = Release|ARM
		{5348BAD6-9497-4D2D-93B9-250996C2BB07}.Release|ARM.Build.0 = Release|ARM
		{5348BAD6-9497-4D2D-93B9-250996C2BB07}.Release|ARM.Deploy.0 = Release|ARM
		{5348BAD6-9497-4D2D-93B9-250996C2BB07}.Release|iPhone.ActiveCfg = Release|x86
		{5348BAD6-9497-4D2D-93B9-250996C2BB07}.Release|iPhoneSimulator.ActiveCfg = Release|x86
		{5348BAD6-9497-4D2D-93B9-250996C2BB07}.Release|x64.ActiveCfg = Release|x64
		{5348BAD6-9497-4D2D-93B9-250996C2BB07}.Release|x64.Build.0 = Release|x64
		{5348BAD6-9497-4D2D-93B9-250996C2BB07}.Release|x64.Deploy.0 = Release|x64
		{5348BAD6-9497-4D2D-93B9-250996C2BB07}.Release|x86.ActiveCfg = Release|x86
		{5348BAD6-9497-4D2D-93B9-250996C2BB07}.Release|x86.Build.0 = Release|x86
		{5348BAD6-9497-4D2D-93B9-250996C2BB07}.Release|x86.Deploy.0 = Release|x86
		{2E02DF26-1E97-4B4B-BDBC-C8DAA37DEA3E}.Ad-Hoc|Any CPU.ActiveCfg = Release|Any CPU
		{2E02DF26-1E97-4B4B-BDBC-C8DAA37DEA3E}.Ad-Hoc|Any CPU.Build.0 = Release|Any CPU
		{2E02DF26-1E97-4B4B-BDBC-C8DAA37DEA3E}.Ad-Hoc|Any CPU.Deploy.0 = Release|Any CPU
		{2E02DF26-1E97-4B4B-BDBC-C8DAA37DEA3E}.Ad-Hoc|ARM.ActiveCfg = Release|ARM
		{2E02DF26-1E97-4B4B-BDBC-C8DAA37DEA3E}.Ad-Hoc|ARM.Build.0 = Release|ARM
		{2E02DF26-1E97-4B4B-BDBC-C8DAA37DEA3E}.Ad-Hoc|ARM.Deploy.0 = Release|ARM
		{2E02DF26-1E97-4B4B-BDBC-C8DAA37DEA3E}.Ad-Hoc|iPhone.ActiveCfg = Release|Any CPU
		{2E02DF26-1E97-4B4B-BDBC-C8DAA37DEA3E}.Ad-Hoc|iPhone.Build.0 = Release|Any CPU
		{2E02DF26-1E97-4B4B-BDBC-C8DAA37DEA3E}.Ad-Hoc|iPhone.Deploy.0 = Release|Any CPU
		{2E02DF26-1E97-4B4B-BDBC-C8DAA37DEA3E}.Ad-Hoc|iPhoneSimulator.ActiveCfg = Release|Any CPU
		{2E02DF26-1E97-4B4B-BDBC-C8DAA37DEA3E}.Ad-Hoc|iPhoneSimulator.Build.0 = Release|Any CPU
		{2E02DF26-1E97-4B4B-BDBC-C8DAA37DEA3E}.Ad-Hoc|iPhoneSimulator.Deploy.0 = Release|Any CPU
		{2E02DF26-1E97-4B4B-BDBC-C8DAA37DEA3E}.Ad-Hoc|x64.ActiveCfg = Release|x64
		{2E02DF26-1E97-4B4B-BDBC-C8DAA37DEA3E}.Ad-Hoc|x64.Build.0 = Release|x64
		{2E02DF26-1E97-4B4B-BDBC-C8DAA37DEA3E}.Ad-Hoc|x64.Deploy.0 = Release|x64
		{2E02DF26-1E97-4B4B-BDBC-C8DAA37DEA3E}.Ad-Hoc|x86.ActiveCfg = Release|x86
		{2E02DF26-1E97-4B4B-BDBC-C8DAA37DEA3E}.Ad-Hoc|x86.Build.0 = Release|x86
		{2E02DF26-1E97-4B4B-BDBC-C8DAA37DEA3E}.Ad-Hoc|x86.Deploy.0 = Release|x86
		{2E02DF26-1E97-4B4B-BDBC-C8DAA37DEA3E}.AppStore|Any CPU.ActiveCfg = Release|Any CPU
		{2E02DF26-1E97-4B4B-BDBC-C8DAA37DEA3E}.AppStore|Any CPU.Build.0 = Release|Any CPU
		{2E02DF26-1E97-4B4B-BDBC-C8DAA37DEA3E}.AppStore|Any CPU.Deploy.0 = Release|Any CPU
		{2E02DF26-1E97-4B4B-BDBC-C8DAA37DEA3E}.AppStore|ARM.ActiveCfg = Release|ARM
		{2E02DF26-1E97-4B4B-BDBC-C8DAA37DEA3E}.AppStore|ARM.Build.0 = Release|ARM
		{2E02DF26-1E97-4B4B-BDBC-C8DAA37DEA3E}.AppStore|ARM.Deploy.0 = Release|ARM
		{2E02DF26-1E97-4B4B-BDBC-C8DAA37DEA3E}.AppStore|iPhone.ActiveCfg = Release|Any CPU
		{2E02DF26-1E97-4B4B-BDBC-C8DAA37DEA3E}.AppStore|iPhone.Build.0 = Release|Any CPU
		{2E02DF26-1E97-4B4B-BDBC-C8DAA37DEA3E}.AppStore|iPhone.Deploy.0 = Release|Any CPU
		{2E02DF26-1E97-4B4B-BDBC-C8DAA37DEA3E}.AppStore|iPhoneSimulator.ActiveCfg = Release|Any CPU
		{2E02DF26-1E97-4B4B-BDBC-C8DAA37DEA3E}.AppStore|iPhoneSimulator.Build.0 = Release|Any CPU
		{2E02DF26-1E97-4B4B-BDBC-C8DAA37DEA3E}.AppStore|iPhoneSimulator.Deploy.0 = Release|Any CPU
		{2E02DF26-1E97-4B4B-BDBC-C8DAA37DEA3E}.AppStore|x64.ActiveCfg = Release|x64
		{2E02DF26-1E97-4B4B-BDBC-C8DAA37DEA3E}.AppStore|x64.Build.0 = Release|x64
		{2E02DF26-1E97-4B4B-BDBC-C8DAA37DEA3E}.AppStore|x64.Deploy.0 = Release|x64
		{2E02DF26-1E97-4B4B-BDBC-C8DAA37DEA3E}.AppStore|x86.ActiveCfg = Release|x86
		{2E02DF26-1E97-4B4B-BDBC-C8DAA37DEA3E}.AppStore|x86.Build.0 = Release|x86
		{2E02DF26-1E97-4B4B-BDBC-C8DAA37DEA3E}.AppStore|x86.Deploy.0 = Release|x86
		{2E02DF26-1E97-4B4B-BDBC-C8DAA37DEA3E}.Debug|Any CPU.ActiveCfg = Debug|Any CPU
		{2E02DF26-1E97-4B4B-BDBC-C8DAA37DEA3E}.Debug|Any CPU.Build.0 = Debug|Any CPU
		{2E02DF26-1E97-4B4B-BDBC-C8DAA37DEA3E}.Debug|Any CPU.Deploy.0 = Debug|Any CPU
		{2E02DF26-1E97-4B4B-BDBC-C8DAA37DEA3E}.Debug|ARM.ActiveCfg = Debug|ARM
		{2E02DF26-1E97-4B4B-BDBC-C8DAA37DEA3E}.Debug|ARM.Build.0 = Debug|ARM
		{2E02DF26-1E97-4B4B-BDBC-C8DAA37DEA3E}.Debug|ARM.Deploy.0 = Debug|ARM
		{2E02DF26-1E97-4B4B-BDBC-C8DAA37DEA3E}.Debug|iPhone.ActiveCfg = Debug|Any CPU
		{2E02DF26-1E97-4B4B-BDBC-C8DAA37DEA3E}.Debug|iPhone.Build.0 = Debug|Any CPU
		{2E02DF26-1E97-4B4B-BDBC-C8DAA37DEA3E}.Debug|iPhone.Deploy.0 = Debug|Any CPU
		{2E02DF26-1E97-4B4B-BDBC-C8DAA37DEA3E}.Debug|iPhoneSimulator.ActiveCfg = Debug|Any CPU
		{2E02DF26-1E97-4B4B-BDBC-C8DAA37DEA3E}.Debug|iPhoneSimulator.Build.0 = Debug|Any CPU
		{2E02DF26-1E97-4B4B-BDBC-C8DAA37DEA3E}.Debug|iPhoneSimulator.Deploy.0 = Debug|Any CPU
		{2E02DF26-1E97-4B4B-BDBC-C8DAA37DEA3E}.Debug|x64.ActiveCfg = Debug|x64
		{2E02DF26-1E97-4B4B-BDBC-C8DAA37DEA3E}.Debug|x64.Build.0 = Debug|x64
		{2E02DF26-1E97-4B4B-BDBC-C8DAA37DEA3E}.Debug|x64.Deploy.0 = Debug|x64
		{2E02DF26-1E97-4B4B-BDBC-C8DAA37DEA3E}.Debug|x86.ActiveCfg = Debug|x86
		{2E02DF26-1E97-4B4B-BDBC-C8DAA37DEA3E}.Debug|x86.Build.0 = Debug|x86
		{2E02DF26-1E97-4B4B-BDBC-C8DAA37DEA3E}.Debug|x86.Deploy.0 = Debug|x86
		{2E02DF26-1E97-4B4B-BDBC-C8DAA37DEA3E}.Release|Any CPU.ActiveCfg = Release|Any CPU
		{2E02DF26-1E97-4B4B-BDBC-C8DAA37DEA3E}.Release|Any CPU.Build.0 = Release|Any CPU
		{2E02DF26-1E97-4B4B-BDBC-C8DAA37DEA3E}.Release|Any CPU.Deploy.0 = Release|Any CPU
		{2E02DF26-1E97-4B4B-BDBC-C8DAA37DEA3E}.Release|ARM.ActiveCfg = Release|ARM
		{2E02DF26-1E97-4B4B-BDBC-C8DAA37DEA3E}.Release|ARM.Build.0 = Release|ARM
		{2E02DF26-1E97-4B4B-BDBC-C8DAA37DEA3E}.Release|ARM.Deploy.0 = Release|ARM
		{2E02DF26-1E97-4B4B-BDBC-C8DAA37DEA3E}.Release|iPhone.ActiveCfg = Release|Any CPU
		{2E02DF26-1E97-4B4B-BDBC-C8DAA37DEA3E}.Release|iPhone.Build.0 = Release|Any CPU
		{2E02DF26-1E97-4B4B-BDBC-C8DAA37DEA3E}.Release|iPhone.Deploy.0 = Release|Any CPU
		{2E02DF26-1E97-4B4B-BDBC-C8DAA37DEA3E}.Release|iPhoneSimulator.ActiveCfg = Release|Any CPU
		{2E02DF26-1E97-4B4B-BDBC-C8DAA37DEA3E}.Release|iPhoneSimulator.Build.0 = Release|Any CPU
		{2E02DF26-1E97-4B4B-BDBC-C8DAA37DEA3E}.Release|iPhoneSimulator.Deploy.0 = Release|Any CPU
		{2E02DF26-1E97-4B4B-BDBC-C8DAA37DEA3E}.Release|x64.ActiveCfg = Release|x64
		{2E02DF26-1E97-4B4B-BDBC-C8DAA37DEA3E}.Release|x64.Build.0 = Release|x64
		{2E02DF26-1E97-4B4B-BDBC-C8DAA37DEA3E}.Release|x64.Deploy.0 = Release|x64
		{2E02DF26-1E97-4B4B-BDBC-C8DAA37DEA3E}.Release|x86.ActiveCfg = Release|x86
		{2E02DF26-1E97-4B4B-BDBC-C8DAA37DEA3E}.Release|x86.Build.0 = Release|x86
		{2E02DF26-1E97-4B4B-BDBC-C8DAA37DEA3E}.Release|x86.Deploy.0 = Release|x86
	EndGlobalSection
	GlobalSection(SolutionProperties) = preSolution
		HideSolutionNode = FALSE
	EndGlobalSection
EndGlobal
